// !$*UTF8*$!
{
	archiveVersion = 1;
	classes = {
	};
	objectVersion = 46;
	objects = {

/* Begin PBXBuildFile section */
		4C29E7BE1D1B79DE00E51E24 /* main.m in Sources */ = {isa = PBXBuildFile; fileRef = 4C29E7BD1D1B79DE00E51E24 /* main.m */; };
		4C29E7C11D1B79DE00E51E24 /* AppDelegate.m in Sources */ = {isa = PBXBuildFile; fileRef = 4C29E7C01D1B79DE00E51E24 /* AppDelegate.m */; };
		4C29E7C41D1B79DE00E51E24 /* ViewController.m in Sources */ = {isa = PBXBuildFile; fileRef = 4C29E7C31D1B79DE00E51E24 /* ViewController.m */; };
		4C29E7C71D1B79DE00E51E24 /* Main.storyboard in Resources */ = {isa = PBXBuildFile; fileRef = 4C29E7C51D1B79DE00E51E24 /* Main.storyboard */; };
		4C29E7C91D1B79DE00E51E24 /* Assets.xcassets in Resources */ = {isa = PBXBuildFile; fileRef = 4C29E7C81D1B79DE00E51E24 /* Assets.xcassets */; };
		4C29E7CC1D1B79DE00E51E24 /* LaunchScreen.storyboard in Resources */ = {isa = PBXBuildFile; fileRef = 4C29E7CA1D1B79DE00E51E24 /* LaunchScreen.storyboard */; };
		4C29E7D71D1B79DE00E51E24 /* SaiyaTests.m in Sources */ = {isa = PBXBuildFile; fileRef = 4C29E7D61D1B79DE00E51E24 /* SaiyaTests.m */; };
		4C29E7E21D1B79DE00E51E24 /* SaiyaUITests.m in Sources */ = {isa = PBXBuildFile; fileRef = 4C29E7E11D1B79DE00E51E24 /* SaiyaUITests.m */; };
		4C29E7F31D1B7FAC00E51E24 /* BaseViewController.m in Sources */ = {isa = PBXBuildFile; fileRef = 4C29E7F21D1B7FAC00E51E24 /* BaseViewController.m */; };
		4C29E7F61D1B805400E51E24 /* BarItemViewController.m in Sources */ = {isa = PBXBuildFile; fileRef = 4C29E7F51D1B805400E51E24 /* BarItemViewController.m */; };
		4C29E7FE1D1B80C000E51E24 /* MineInfoPage.m in Sources */ = {isa = PBXBuildFile; fileRef = 4C29E7FD1D1B80C000E51E24 /* MineInfoPage.m */; };
		4C29E8011D1B80D700E51E24 /* SaiquanPage.m in Sources */ = {isa = PBXBuildFile; fileRef = 4C29E8001D1B80D700E51E24 /* SaiquanPage.m */; };
		4C29E8041D1B80F300E51E24 /* SaixinPage.m in Sources */ = {isa = PBXBuildFile; fileRef = 4C29E8031D1B80F300E51E24 /* SaixinPage.m */; };
		4C29E8071D1B810C00E51E24 /* SaidouPage.m in Sources */ = {isa = PBXBuildFile; fileRef = 4C29E8061D1B810C00E51E24 /* SaidouPage.m */; };
		4C29E80D1D1B87BE00E51E24 /* GoodsDetailTitle.m in Sources */ = {isa = PBXBuildFile; fileRef = 4C29E80C1D1B87BE00E51E24 /* GoodsDetailTitle.m */; };
		4C29E8101D1B8E0000E51E24 /* ViewPagerController.m in Sources */ = {isa = PBXBuildFile; fileRef = 4C29E80F1D1B8E0000E51E24 /* ViewPagerController.m */; };
		4C29E8131D1B912F00E51E24 /* SaishiViewController.m in Sources */ = {isa = PBXBuildFile; fileRef = 4C29E8121D1B912F00E51E24 /* SaishiViewController.m */; };
		4C29E8171D1BBDEB00E51E24 /* MyHeadCell.m in Sources */ = {isa = PBXBuildFile; fileRef = 4C29E8151D1BBDEB00E51E24 /* MyHeadCell.m */; };
		4C29E8181D1BBDEB00E51E24 /* MyHeadCell.xib in Resources */ = {isa = PBXBuildFile; fileRef = 4C29E8161D1BBDEB00E51E24 /* MyHeadCell.xib */; };
		4C29E8191D1BC41400E51E24 /* MineInfoPage.m in Sources */ = {isa = PBXBuildFile; fileRef = 4C29E7FD1D1B80C000E51E24 /* MineInfoPage.m */; };
		4C29E81C1D1BCF6300E51E24 /* BaseWebviewController.m in Sources */ = {isa = PBXBuildFile; fileRef = 4C29E81B1D1BCF6300E51E24 /* BaseWebviewController.m */; };
		4C29E81F1D1BD0D800E51E24 /* SearchViewController.m in Sources */ = {isa = PBXBuildFile; fileRef = 4C29E81E1D1BD0D800E51E24 /* SearchViewController.m */; };
		4C29E8221D1BD3FC00E51E24 /* GuanfangController.m in Sources */ = {isa = PBXBuildFile; fileRef = 4C29E8211D1BD3FC00E51E24 /* GuanfangController.m */; };
		4C29E8311D1BE92300E51E24 /* AFHTTPSessionManager.m in Sources */ = {isa = PBXBuildFile; fileRef = 4C29E8251D1BE92300E51E24 /* AFHTTPSessionManager.m */; };
		4C29E8321D1BE92300E51E24 /* AFNetworkReachabilityManager.m in Sources */ = {isa = PBXBuildFile; fileRef = 4C29E8281D1BE92300E51E24 /* AFNetworkReachabilityManager.m */; };
		4C29E8331D1BE92300E51E24 /* AFSecurityPolicy.m in Sources */ = {isa = PBXBuildFile; fileRef = 4C29E82A1D1BE92300E51E24 /* AFSecurityPolicy.m */; };
		4C29E8341D1BE92300E51E24 /* AFURLRequestSerialization.m in Sources */ = {isa = PBXBuildFile; fileRef = 4C29E82C1D1BE92300E51E24 /* AFURLRequestSerialization.m */; };
		4C29E8351D1BE92300E51E24 /* AFURLResponseSerialization.m in Sources */ = {isa = PBXBuildFile; fileRef = 4C29E82E1D1BE92300E51E24 /* AFURLResponseSerialization.m */; };
		4C29E8361D1BE92300E51E24 /* AFURLSessionManager.m in Sources */ = {isa = PBXBuildFile; fileRef = 4C29E8301D1BE92300E51E24 /* AFURLSessionManager.m */; };
		4C29E84C1D1BE92A00E51E24 /* AFAutoPurgingImageCache.m in Sources */ = {isa = PBXBuildFile; fileRef = 4C29E8391D1BE92A00E51E24 /* AFAutoPurgingImageCache.m */; };
		4C29E84D1D1BE92A00E51E24 /* AFImageDownloader.m in Sources */ = {isa = PBXBuildFile; fileRef = 4C29E83B1D1BE92A00E51E24 /* AFImageDownloader.m */; };
		4C29E84E1D1BE92A00E51E24 /* AFNetworkActivityIndicatorManager.m in Sources */ = {isa = PBXBuildFile; fileRef = 4C29E83D1D1BE92A00E51E24 /* AFNetworkActivityIndicatorManager.m */; };
		4C29E84F1D1BE92A00E51E24 /* UIActivityIndicatorView+AFNetworking.m in Sources */ = {isa = PBXBuildFile; fileRef = 4C29E83F1D1BE92A00E51E24 /* UIActivityIndicatorView+AFNetworking.m */; };
		4C29E8501D1BE92A00E51E24 /* UIButton+AFNetworking.m in Sources */ = {isa = PBXBuildFile; fileRef = 4C29E8411D1BE92A00E51E24 /* UIButton+AFNetworking.m */; };
		4C29E8511D1BE92A00E51E24 /* UIImageView+AFNetworking.m in Sources */ = {isa = PBXBuildFile; fileRef = 4C29E8441D1BE92A00E51E24 /* UIImageView+AFNetworking.m */; };
		4C29E8521D1BE92A00E51E24 /* UIProgressView+AFNetworking.m in Sources */ = {isa = PBXBuildFile; fileRef = 4C29E8471D1BE92A00E51E24 /* UIProgressView+AFNetworking.m */; };
		4C29E8531D1BE92A00E51E24 /* UIRefreshControl+AFNetworking.m in Sources */ = {isa = PBXBuildFile; fileRef = 4C29E8491D1BE92A00E51E24 /* UIRefreshControl+AFNetworking.m */; };
		4C29E8541D1BE92A00E51E24 /* UIWebView+AFNetworking.m in Sources */ = {isa = PBXBuildFile; fileRef = 4C29E84B1D1BE92A00E51E24 /* UIWebView+AFNetworking.m */; };
		4C29E8571D1BE9CF00E51E24 /* NetworkManagementRequset.m in Sources */ = {isa = PBXBuildFile; fileRef = 4C29E8561D1BE9CF00E51E24 /* NetworkManagementRequset.m */; };
		4C29E85C1D1BEEC000E51E24 /* LoginPage.m in Sources */ = {isa = PBXBuildFile; fileRef = 4C29E85A1D1BEEC000E51E24 /* LoginPage.m */; };
		4C29E85D1D1BEEC000E51E24 /* LoginPage.xib in Resources */ = {isa = PBXBuildFile; fileRef = 4C29E85B1D1BEEC000E51E24 /* LoginPage.xib */; };
		4C29E8611D1BF5E800E51E24 /* RegisterPage.m in Sources */ = {isa = PBXBuildFile; fileRef = 4C29E85F1D1BF5E800E51E24 /* RegisterPage.m */; };
		4C29E8621D1BF5E800E51E24 /* RegisterPage.xib in Resources */ = {isa = PBXBuildFile; fileRef = 4C29E8601D1BF5E800E51E24 /* RegisterPage.xib */; };
		4C29E8661D1BF64400E51E24 /* RegisterPage2.m in Sources */ = {isa = PBXBuildFile; fileRef = 4C29E8641D1BF64400E51E24 /* RegisterPage2.m */; };
		4C29E8671D1BF64400E51E24 /* RegisterPage2.xib in Resources */ = {isa = PBXBuildFile; fileRef = 4C29E8651D1BF64400E51E24 /* RegisterPage2.xib */; };
		4C29E86B1D1BF66800E51E24 /* RegisterPage3.m in Sources */ = {isa = PBXBuildFile; fileRef = 4C29E8691D1BF66800E51E24 /* RegisterPage3.m */; };
		4C29E86C1D1BF66800E51E24 /* RegisterPage3.xib in Resources */ = {isa = PBXBuildFile; fileRef = 4C29E86A1D1BF66800E51E24 /* RegisterPage3.xib */; };
		5272D4891D1C3C2300E2B8D1 /* SMSSender.m in Sources */ = {isa = PBXBuildFile; fileRef = 5272D4881D1C3C2300E2B8D1 /* SMSSender.m */; };
/* End PBXBuildFile section */

/* Begin PBXContainerItemProxy section */
		4C29E7D31D1B79DE00E51E24 /* PBXContainerItemProxy */ = {
			isa = PBXContainerItemProxy;
			containerPortal = 4C29E7B11D1B79DE00E51E24 /* Project object */;
			proxyType = 1;
			remoteGlobalIDString = 4C29E7B81D1B79DE00E51E24;
			remoteInfo = Saiya;
		};
		4C29E7DE1D1B79DE00E51E24 /* PBXContainerItemProxy */ = {
			isa = PBXContainerItemProxy;
			containerPortal = 4C29E7B11D1B79DE00E51E24 /* Project object */;
			proxyType = 1;
			remoteGlobalIDString = 4C29E7B81D1B79DE00E51E24;
			remoteInfo = Saiya;
		};
/* End PBXContainerItemProxy section */

/* Begin PBXFileReference section */
		4C29E7B91D1B79DE00E51E24 /* Saiya.app */ = {isa = PBXFileReference; explicitFileType = wrapper.application; includeInIndex = 0; path = Saiya.app; sourceTree = BUILT_PRODUCTS_DIR; };
		4C29E7BD1D1B79DE00E51E24 /* main.m */ = {isa = PBXFileReference; lastKnownFileType = sourcecode.c.objc; path = main.m; sourceTree = "<group>"; };
		4C29E7BF1D1B79DE00E51E24 /* AppDelegate.h */ = {isa = PBXFileReference; lastKnownFileType = sourcecode.c.h; path = AppDelegate.h; sourceTree = "<group>"; };
		4C29E7C01D1B79DE00E51E24 /* AppDelegate.m */ = {isa = PBXFileReference; lastKnownFileType = sourcecode.c.objc; path = AppDelegate.m; sourceTree = "<group>"; };
		4C29E7C21D1B79DE00E51E24 /* ViewController.h */ = {isa = PBXFileReference; lastKnownFileType = sourcecode.c.h; path = ViewController.h; sourceTree = "<group>"; };
		4C29E7C31D1B79DE00E51E24 /* ViewController.m */ = {isa = PBXFileReference; lastKnownFileType = sourcecode.c.objc; path = ViewController.m; sourceTree = "<group>"; };
		4C29E7C61D1B79DE00E51E24 /* Base */ = {isa = PBXFileReference; lastKnownFileType = file.storyboard; name = Base; path = Base.lproj/Main.storyboard; sourceTree = "<group>"; };
		4C29E7C81D1B79DE00E51E24 /* Assets.xcassets */ = {isa = PBXFileReference; lastKnownFileType = folder.assetcatalog; path = Assets.xcassets; sourceTree = "<group>"; };
		4C29E7CB1D1B79DE00E51E24 /* Base */ = {isa = PBXFileReference; lastKnownFileType = file.storyboard; name = Base; path = Base.lproj/LaunchScreen.storyboard; sourceTree = "<group>"; };
		4C29E7CD1D1B79DE00E51E24 /* Info.plist */ = {isa = PBXFileReference; lastKnownFileType = text.plist.xml; path = Info.plist; sourceTree = "<group>"; };
		4C29E7D21D1B79DE00E51E24 /* SaiyaTests.xctest */ = {isa = PBXFileReference; explicitFileType = wrapper.cfbundle; includeInIndex = 0; path = SaiyaTests.xctest; sourceTree = BUILT_PRODUCTS_DIR; };
		4C29E7D61D1B79DE00E51E24 /* SaiyaTests.m */ = {isa = PBXFileReference; lastKnownFileType = sourcecode.c.objc; path = SaiyaTests.m; sourceTree = "<group>"; };
		4C29E7D81D1B79DE00E51E24 /* Info.plist */ = {isa = PBXFileReference; lastKnownFileType = text.plist.xml; path = Info.plist; sourceTree = "<group>"; };
		4C29E7DD1D1B79DE00E51E24 /* SaiyaUITests.xctest */ = {isa = PBXFileReference; explicitFileType = wrapper.cfbundle; includeInIndex = 0; path = SaiyaUITests.xctest; sourceTree = BUILT_PRODUCTS_DIR; };
		4C29E7E11D1B79DE00E51E24 /* SaiyaUITests.m */ = {isa = PBXFileReference; lastKnownFileType = sourcecode.c.objc; path = SaiyaUITests.m; sourceTree = "<group>"; };
		4C29E7E31D1B79DE00E51E24 /* Info.plist */ = {isa = PBXFileReference; lastKnownFileType = text.plist.xml; path = Info.plist; sourceTree = "<group>"; };
		4C29E7EF1D1B7D5400E51E24 /* PrefixHeader.pch */ = {isa = PBXFileReference; lastKnownFileType = sourcecode.c.h; path = PrefixHeader.pch; sourceTree = "<group>"; };
		4C29E7F11D1B7FAC00E51E24 /* BaseViewController.h */ = {isa = PBXFileReference; fileEncoding = 4; lastKnownFileType = sourcecode.c.h; path = BaseViewController.h; sourceTree = "<group>"; };
		4C29E7F21D1B7FAC00E51E24 /* BaseViewController.m */ = {isa = PBXFileReference; fileEncoding = 4; lastKnownFileType = sourcecode.c.objc; path = BaseViewController.m; sourceTree = "<group>"; };
		4C29E7F41D1B805400E51E24 /* BarItemViewController.h */ = {isa = PBXFileReference; fileEncoding = 4; lastKnownFileType = sourcecode.c.h; path = BarItemViewController.h; sourceTree = "<group>"; };
		4C29E7F51D1B805400E51E24 /* BarItemViewController.m */ = {isa = PBXFileReference; fileEncoding = 4; lastKnownFileType = sourcecode.c.objc; path = BarItemViewController.m; sourceTree = "<group>"; };
		4C29E7FC1D1B80C000E51E24 /* MineInfoPage.h */ = {isa = PBXFileReference; fileEncoding = 4; lastKnownFileType = sourcecode.c.h; path = MineInfoPage.h; sourceTree = "<group>"; };
		4C29E7FD1D1B80C000E51E24 /* MineInfoPage.m */ = {isa = PBXFileReference; fileEncoding = 4; lastKnownFileType = sourcecode.c.objc; path = MineInfoPage.m; sourceTree = "<group>"; };
		4C29E7FF1D1B80D700E51E24 /* SaiquanPage.h */ = {isa = PBXFileReference; fileEncoding = 4; lastKnownFileType = sourcecode.c.h; path = SaiquanPage.h; sourceTree = "<group>"; };
		4C29E8001D1B80D700E51E24 /* SaiquanPage.m */ = {isa = PBXFileReference; fileEncoding = 4; lastKnownFileType = sourcecode.c.objc; path = SaiquanPage.m; sourceTree = "<group>"; };
		4C29E8021D1B80F300E51E24 /* SaixinPage.h */ = {isa = PBXFileReference; fileEncoding = 4; lastKnownFileType = sourcecode.c.h; path = SaixinPage.h; sourceTree = "<group>"; };
		4C29E8031D1B80F300E51E24 /* SaixinPage.m */ = {isa = PBXFileReference; fileEncoding = 4; lastKnownFileType = sourcecode.c.objc; path = SaixinPage.m; sourceTree = "<group>"; };
		4C29E8051D1B810C00E51E24 /* SaidouPage.h */ = {isa = PBXFileReference; fileEncoding = 4; lastKnownFileType = sourcecode.c.h; path = SaidouPage.h; sourceTree = "<group>"; };
		4C29E8061D1B810C00E51E24 /* SaidouPage.m */ = {isa = PBXFileReference; fileEncoding = 4; lastKnownFileType = sourcecode.c.objc; path = SaidouPage.m; sourceTree = "<group>"; };
		4C29E80A1D1B87AC00E51E24 /* GoodsDetailTitle.h */ = {isa = PBXFileReference; fileEncoding = 4; lastKnownFileType = sourcecode.c.h; path = GoodsDetailTitle.h; sourceTree = "<group>"; };
		4C29E80C1D1B87BE00E51E24 /* GoodsDetailTitle.m */ = {isa = PBXFileReference; fileEncoding = 4; lastKnownFileType = sourcecode.c.objc; path = GoodsDetailTitle.m; sourceTree = "<group>"; };
		4C29E80E1D1B8E0000E51E24 /* ViewPagerController.h */ = {isa = PBXFileReference; fileEncoding = 4; lastKnownFileType = sourcecode.c.h; path = ViewPagerController.h; sourceTree = "<group>"; };
		4C29E80F1D1B8E0000E51E24 /* ViewPagerController.m */ = {isa = PBXFileReference; fileEncoding = 4; lastKnownFileType = sourcecode.c.objc; path = ViewPagerController.m; sourceTree = "<group>"; };
		4C29E8111D1B912F00E51E24 /* SaishiViewController.h */ = {isa = PBXFileReference; fileEncoding = 4; lastKnownFileType = sourcecode.c.h; path = SaishiViewController.h; sourceTree = "<group>"; };
		4C29E8121D1B912F00E51E24 /* SaishiViewController.m */ = {isa = PBXFileReference; fileEncoding = 4; lastKnownFileType = sourcecode.c.objc; path = SaishiViewController.m; sourceTree = "<group>"; };
		4C29E8141D1BBDEB00E51E24 /* MyHeadCell.h */ = {isa = PBXFileReference; fileEncoding = 4; lastKnownFileType = sourcecode.c.h; path = MyHeadCell.h; sourceTree = "<group>"; };
		4C29E8151D1BBDEB00E51E24 /* MyHeadCell.m */ = {isa = PBXFileReference; fileEncoding = 4; lastKnownFileType = sourcecode.c.objc; path = MyHeadCell.m; sourceTree = "<group>"; };
		4C29E8161D1BBDEB00E51E24 /* MyHeadCell.xib */ = {isa = PBXFileReference; fileEncoding = 4; lastKnownFileType = file.xib; path = MyHeadCell.xib; sourceTree = "<group>"; };
		4C29E81A1D1BCF6300E51E24 /* BaseWebviewController.h */ = {isa = PBXFileReference; fileEncoding = 4; lastKnownFileType = sourcecode.c.h; path = BaseWebviewController.h; sourceTree = "<group>"; };
		4C29E81B1D1BCF6300E51E24 /* BaseWebviewController.m */ = {isa = PBXFileReference; fileEncoding = 4; lastKnownFileType = sourcecode.c.objc; path = BaseWebviewController.m; sourceTree = "<group>"; };
		4C29E81D1D1BD0D800E51E24 /* SearchViewController.h */ = {isa = PBXFileReference; fileEncoding = 4; lastKnownFileType = sourcecode.c.h; path = SearchViewController.h; sourceTree = "<group>"; };
		4C29E81E1D1BD0D800E51E24 /* SearchViewController.m */ = {isa = PBXFileReference; fileEncoding = 4; lastKnownFileType = sourcecode.c.objc; path = SearchViewController.m; sourceTree = "<group>"; };
		4C29E8201D1BD3FC00E51E24 /* GuanfangController.h */ = {isa = PBXFileReference; fileEncoding = 4; lastKnownFileType = sourcecode.c.h; path = GuanfangController.h; sourceTree = "<group>"; };
		4C29E8211D1BD3FC00E51E24 /* GuanfangController.m */ = {isa = PBXFileReference; fileEncoding = 4; lastKnownFileType = sourcecode.c.objc; path = GuanfangController.m; sourceTree = "<group>"; };
		4C29E8241D1BE92300E51E24 /* AFHTTPSessionManager.h */ = {isa = PBXFileReference; fileEncoding = 4; lastKnownFileType = sourcecode.c.h; path = AFHTTPSessionManager.h; sourceTree = "<group>"; };
		4C29E8251D1BE92300E51E24 /* AFHTTPSessionManager.m */ = {isa = PBXFileReference; fileEncoding = 4; lastKnownFileType = sourcecode.c.objc; path = AFHTTPSessionManager.m; sourceTree = "<group>"; };
		4C29E8261D1BE92300E51E24 /* AFNetworking.h */ = {isa = PBXFileReference; fileEncoding = 4; lastKnownFileType = sourcecode.c.h; path = AFNetworking.h; sourceTree = "<group>"; };
		4C29E8271D1BE92300E51E24 /* AFNetworkReachabilityManager.h */ = {isa = PBXFileReference; fileEncoding = 4; lastKnownFileType = sourcecode.c.h; path = AFNetworkReachabilityManager.h; sourceTree = "<group>"; };
		4C29E8281D1BE92300E51E24 /* AFNetworkReachabilityManager.m */ = {isa = PBXFileReference; fileEncoding = 4; lastKnownFileType = sourcecode.c.objc; path = AFNetworkReachabilityManager.m; sourceTree = "<group>"; };
		4C29E8291D1BE92300E51E24 /* AFSecurityPolicy.h */ = {isa = PBXFileReference; fileEncoding = 4; lastKnownFileType = sourcecode.c.h; path = AFSecurityPolicy.h; sourceTree = "<group>"; };
		4C29E82A1D1BE92300E51E24 /* AFSecurityPolicy.m */ = {isa = PBXFileReference; fileEncoding = 4; lastKnownFileType = sourcecode.c.objc; path = AFSecurityPolicy.m; sourceTree = "<group>"; };
		4C29E82B1D1BE92300E51E24 /* AFURLRequestSerialization.h */ = {isa = PBXFileReference; fileEncoding = 4; lastKnownFileType = sourcecode.c.h; path = AFURLRequestSerialization.h; sourceTree = "<group>"; };
		4C29E82C1D1BE92300E51E24 /* AFURLRequestSerialization.m */ = {isa = PBXFileReference; fileEncoding = 4; lastKnownFileType = sourcecode.c.objc; path = AFURLRequestSerialization.m; sourceTree = "<group>"; };
		4C29E82D1D1BE92300E51E24 /* AFURLResponseSerialization.h */ = {isa = PBXFileReference; fileEncoding = 4; lastKnownFileType = sourcecode.c.h; path = AFURLResponseSerialization.h; sourceTree = "<group>"; };
		4C29E82E1D1BE92300E51E24 /* AFURLResponseSerialization.m */ = {isa = PBXFileReference; fileEncoding = 4; lastKnownFileType = sourcecode.c.objc; path = AFURLResponseSerialization.m; sourceTree = "<group>"; };
		4C29E82F1D1BE92300E51E24 /* AFURLSessionManager.h */ = {isa = PBXFileReference; fileEncoding = 4; lastKnownFileType = sourcecode.c.h; path = AFURLSessionManager.h; sourceTree = "<group>"; };
		4C29E8301D1BE92300E51E24 /* AFURLSessionManager.m */ = {isa = PBXFileReference; fileEncoding = 4; lastKnownFileType = sourcecode.c.objc; path = AFURLSessionManager.m; sourceTree = "<group>"; };
		4C29E8381D1BE92A00E51E24 /* AFAutoPurgingImageCache.h */ = {isa = PBXFileReference; fileEncoding = 4; lastKnownFileType = sourcecode.c.h; path = AFAutoPurgingImageCache.h; sourceTree = "<group>"; };
		4C29E8391D1BE92A00E51E24 /* AFAutoPurgingImageCache.m */ = {isa = PBXFileReference; fileEncoding = 4; lastKnownFileType = sourcecode.c.objc; path = AFAutoPurgingImageCache.m; sourceTree = "<group>"; };
		4C29E83A1D1BE92A00E51E24 /* AFImageDownloader.h */ = {isa = PBXFileReference; fileEncoding = 4; lastKnownFileType = sourcecode.c.h; path = AFImageDownloader.h; sourceTree = "<group>"; };
		4C29E83B1D1BE92A00E51E24 /* AFImageDownloader.m */ = {isa = PBXFileReference; fileEncoding = 4; lastKnownFileType = sourcecode.c.objc; path = AFImageDownloader.m; sourceTree = "<group>"; };
		4C29E83C1D1BE92A00E51E24 /* AFNetworkActivityIndicatorManager.h */ = {isa = PBXFileReference; fileEncoding = 4; lastKnownFileType = sourcecode.c.h; path = AFNetworkActivityIndicatorManager.h; sourceTree = "<group>"; };
		4C29E83D1D1BE92A00E51E24 /* AFNetworkActivityIndicatorManager.m */ = {isa = PBXFileReference; fileEncoding = 4; lastKnownFileType = sourcecode.c.objc; path = AFNetworkActivityIndicatorManager.m; sourceTree = "<group>"; };
		4C29E83E1D1BE92A00E51E24 /* UIActivityIndicatorView+AFNetworking.h */ = {isa = PBXFileReference; fileEncoding = 4; lastKnownFileType = sourcecode.c.h; path = "UIActivityIndicatorView+AFNetworking.h"; sourceTree = "<group>"; };
		4C29E83F1D1BE92A00E51E24 /* UIActivityIndicatorView+AFNetworking.m */ = {isa = PBXFileReference; fileEncoding = 4; lastKnownFileType = sourcecode.c.objc; path = "UIActivityIndicatorView+AFNetworking.m"; sourceTree = "<group>"; };
		4C29E8401D1BE92A00E51E24 /* UIButton+AFNetworking.h */ = {isa = PBXFileReference; fileEncoding = 4; lastKnownFileType = sourcecode.c.h; path = "UIButton+AFNetworking.h"; sourceTree = "<group>"; };
		4C29E8411D1BE92A00E51E24 /* UIButton+AFNetworking.m */ = {isa = PBXFileReference; fileEncoding = 4; lastKnownFileType = sourcecode.c.objc; path = "UIButton+AFNetworking.m"; sourceTree = "<group>"; };
		4C29E8421D1BE92A00E51E24 /* UIImage+AFNetworking.h */ = {isa = PBXFileReference; fileEncoding = 4; lastKnownFileType = sourcecode.c.h; path = "UIImage+AFNetworking.h"; sourceTree = "<group>"; };
		4C29E8431D1BE92A00E51E24 /* UIImageView+AFNetworking.h */ = {isa = PBXFileReference; fileEncoding = 4; lastKnownFileType = sourcecode.c.h; path = "UIImageView+AFNetworking.h"; sourceTree = "<group>"; };
		4C29E8441D1BE92A00E51E24 /* UIImageView+AFNetworking.m */ = {isa = PBXFileReference; fileEncoding = 4; lastKnownFileType = sourcecode.c.objc; path = "UIImageView+AFNetworking.m"; sourceTree = "<group>"; };
		4C29E8451D1BE92A00E51E24 /* UIKit+AFNetworking.h */ = {isa = PBXFileReference; fileEncoding = 4; lastKnownFileType = sourcecode.c.h; path = "UIKit+AFNetworking.h"; sourceTree = "<group>"; };
		4C29E8461D1BE92A00E51E24 /* UIProgressView+AFNetworking.h */ = {isa = PBXFileReference; fileEncoding = 4; lastKnownFileType = sourcecode.c.h; path = "UIProgressView+AFNetworking.h"; sourceTree = "<group>"; };
		4C29E8471D1BE92A00E51E24 /* UIProgressView+AFNetworking.m */ = {isa = PBXFileReference; fileEncoding = 4; lastKnownFileType = sourcecode.c.objc; path = "UIProgressView+AFNetworking.m"; sourceTree = "<group>"; };
		4C29E8481D1BE92A00E51E24 /* UIRefreshControl+AFNetworking.h */ = {isa = PBXFileReference; fileEncoding = 4; lastKnownFileType = sourcecode.c.h; path = "UIRefreshControl+AFNetworking.h"; sourceTree = "<group>"; };
		4C29E8491D1BE92A00E51E24 /* UIRefreshControl+AFNetworking.m */ = {isa = PBXFileReference; fileEncoding = 4; lastKnownFileType = sourcecode.c.objc; path = "UIRefreshControl+AFNetworking.m"; sourceTree = "<group>"; };
		4C29E84A1D1BE92A00E51E24 /* UIWebView+AFNetworking.h */ = {isa = PBXFileReference; fileEncoding = 4; lastKnownFileType = sourcecode.c.h; path = "UIWebView+AFNetworking.h"; sourceTree = "<group>"; };
		4C29E84B1D1BE92A00E51E24 /* UIWebView+AFNetworking.m */ = {isa = PBXFileReference; fileEncoding = 4; lastKnownFileType = sourcecode.c.objc; path = "UIWebView+AFNetworking.m"; sourceTree = "<group>"; };
		4C29E8551D1BE9CF00E51E24 /* NetworkManagementRequset.h */ = {isa = PBXFileReference; fileEncoding = 4; lastKnownFileType = sourcecode.c.h; name = NetworkManagementRequset.h; path = AFNetworking/NetworkManagementRequset.h; sourceTree = "<group>"; };
		4C29E8561D1BE9CF00E51E24 /* NetworkManagementRequset.m */ = {isa = PBXFileReference; fileEncoding = 4; lastKnownFileType = sourcecode.c.objc; name = NetworkManagementRequset.m; path = AFNetworking/NetworkManagementRequset.m; sourceTree = "<group>"; };
		4C29E8591D1BEEC000E51E24 /* LoginPage.h */ = {isa = PBXFileReference; fileEncoding = 4; lastKnownFileType = sourcecode.c.h; path = LoginPage.h; sourceTree = "<group>"; };
		4C29E85A1D1BEEC000E51E24 /* LoginPage.m */ = {isa = PBXFileReference; fileEncoding = 4; lastKnownFileType = sourcecode.c.objc; path = LoginPage.m; sourceTree = "<group>"; };
		4C29E85B1D1BEEC000E51E24 /* LoginPage.xib */ = {isa = PBXFileReference; fileEncoding = 4; lastKnownFileType = file.xib; path = LoginPage.xib; sourceTree = "<group>"; };
		4C29E85E1D1BF5E800E51E24 /* RegisterPage.h */ = {isa = PBXFileReference; fileEncoding = 4; lastKnownFileType = sourcecode.c.h; path = RegisterPage.h; sourceTree = "<group>"; };
		4C29E85F1D1BF5E800E51E24 /* RegisterPage.m */ = {isa = PBXFileReference; fileEncoding = 4; lastKnownFileType = sourcecode.c.objc; path = RegisterPage.m; sourceTree = "<group>"; };
		4C29E8601D1BF5E800E51E24 /* RegisterPage.xib */ = {isa = PBXFileReference; fileEncoding = 4; lastKnownFileType = file.xib; path = RegisterPage.xib; sourceTree = "<group>"; };
		4C29E8631D1BF64400E51E24 /* RegisterPage2.h */ = {isa = PBXFileReference; fileEncoding = 4; lastKnownFileType = sourcecode.c.h; path = RegisterPage2.h; sourceTree = "<group>"; };
		4C29E8641D1BF64400E51E24 /* RegisterPage2.m */ = {isa = PBXFileReference; fileEncoding = 4; lastKnownFileType = sourcecode.c.objc; path = RegisterPage2.m; sourceTree = "<group>"; };
		4C29E8651D1BF64400E51E24 /* RegisterPage2.xib */ = {isa = PBXFileReference; fileEncoding = 4; lastKnownFileType = file.xib; path = RegisterPage2.xib; sourceTree = "<group>"; };
		4C29E8681D1BF66800E51E24 /* RegisterPage3.h */ = {isa = PBXFileReference; fileEncoding = 4; lastKnownFileType = sourcecode.c.h; path = RegisterPage3.h; sourceTree = "<group>"; };
		4C29E8691D1BF66800E51E24 /* RegisterPage3.m */ = {isa = PBXFileReference; fileEncoding = 4; lastKnownFileType = sourcecode.c.objc; path = RegisterPage3.m; sourceTree = "<group>"; };
		4C29E86A1D1BF66800E51E24 /* RegisterPage3.xib */ = {isa = PBXFileReference; fileEncoding = 4; lastKnownFileType = file.xib; path = RegisterPage3.xib; sourceTree = "<group>"; };
		5272D4871D1C3C2300E2B8D1 /* SMSSender.h */ = {isa = PBXFileReference; fileEncoding = 4; lastKnownFileType = sourcecode.c.h; path = SMSSender.h; sourceTree = "<group>"; };
		5272D4881D1C3C2300E2B8D1 /* SMSSender.m */ = {isa = PBXFileReference; fileEncoding = 4; lastKnownFileType = sourcecode.c.objc; path = SMSSender.m; sourceTree = "<group>"; };
/* End PBXFileReference section */

/* Begin PBXFrameworksBuildPhase section */
		4C29E7B61D1B79DE00E51E24 /* Frameworks */ = {
			isa = PBXFrameworksBuildPhase;
			buildActionMask = 2147483647;
			files = (
			);
			runOnlyForDeploymentPostprocessing = 0;
		};
		4C29E7CF1D1B79DE00E51E24 /* Frameworks */ = {
			isa = PBXFrameworksBuildPhase;
			buildActionMask = 2147483647;
			files = (
			);
			runOnlyForDeploymentPostprocessing = 0;
		};
		4C29E7DA1D1B79DE00E51E24 /* Frameworks */ = {
			isa = PBXFrameworksBuildPhase;
			buildActionMask = 2147483647;
			files = (
			);
			runOnlyForDeploymentPostprocessing = 0;
		};
/* End PBXFrameworksBuildPhase section */

/* Begin PBXGroup section */
		4C29E7B01D1B79DE00E51E24 = {
			isa = PBXGroup;
			children = (
				4C29E8081D1B87A100E51E24 /* Tools */,
				4C29E7BB1D1B79DE00E51E24 /* Saiya */,
				4C29E7D51D1B79DE00E51E24 /* SaiyaTests */,
				4C29E7E01D1B79DE00E51E24 /* SaiyaUITests */,
				4C29E7BA1D1B79DE00E51E24 /* Products */,
			);
			sourceTree = "<group>";
		};
		4C29E7BA1D1B79DE00E51E24 /* Products */ = {
			isa = PBXGroup;
			children = (
				4C29E7B91D1B79DE00E51E24 /* Saiya.app */,
				4C29E7D21D1B79DE00E51E24 /* SaiyaTests.xctest */,
				4C29E7DD1D1B79DE00E51E24 /* SaiyaUITests.xctest */,
			);
			name = Products;
			sourceTree = "<group>";
		};
		4C29E7BB1D1B79DE00E51E24 /* Saiya */ = {
			isa = PBXGroup;
			children = (
				4C29E8581D1BECF100E51E24 /* Login */,
				4C29E7FB1D1B809900E51E24 /* wode */,
				4C29E7F91D1B808700E51E24 /* saiquan */,
				4C29E7F81D1B808100E51E24 /* saixin */,
				4C29E7F71D1B807300E51E24 /* saidou */,
				4C29E7F01D1B7F9800E51E24 /* Base */,
				4C29E7BF1D1B79DE00E51E24 /* AppDelegate.h */,
				4C29E7C01D1B79DE00E51E24 /* AppDelegate.m */,
				4C29E7C21D1B79DE00E51E24 /* ViewController.h */,
				4C29E7C31D1B79DE00E51E24 /* ViewController.m */,
				4C29E7EF1D1B7D5400E51E24 /* PrefixHeader.pch */,
				4C29E7C51D1B79DE00E51E24 /* Main.storyboard */,
				4C29E7C81D1B79DE00E51E24 /* Assets.xcassets */,
				4C29E7CA1D1B79DE00E51E24 /* LaunchScreen.storyboard */,
				4C29E7CD1D1B79DE00E51E24 /* Info.plist */,
				4C29E7BC1D1B79DE00E51E24 /* Supporting Files */,
			);
			path = Saiya;
			sourceTree = "<group>";
		};
		4C29E7BC1D1B79DE00E51E24 /* Supporting Files */ = {
			isa = PBXGroup;
			children = (
				4C29E7BD1D1B79DE00E51E24 /* main.m */,
			);
			name = "Supporting Files";
			sourceTree = "<group>";
		};
		4C29E7D51D1B79DE00E51E24 /* SaiyaTests */ = {
			isa = PBXGroup;
			children = (
				4C29E7D61D1B79DE00E51E24 /* SaiyaTests.m */,
				4C29E7D81D1B79DE00E51E24 /* Info.plist */,
			);
			path = SaiyaTests;
			sourceTree = "<group>";
		};
		4C29E7E01D1B79DE00E51E24 /* SaiyaUITests */ = {
			isa = PBXGroup;
			children = (
				4C29E7E11D1B79DE00E51E24 /* SaiyaUITests.m */,
				4C29E7E31D1B79DE00E51E24 /* Info.plist */,
			);
			path = SaiyaUITests;
			sourceTree = "<group>";
		};
		4C29E7F01D1B7F9800E51E24 /* Base */ = {
			isa = PBXGroup;
			children = (
				4C29E7F11D1B7FAC00E51E24 /* BaseViewController.h */,
				4C29E7F21D1B7FAC00E51E24 /* BaseViewController.m */,
				4C29E7F41D1B805400E51E24 /* BarItemViewController.h */,
				4C29E7F51D1B805400E51E24 /* BarItemViewController.m */,
				4C29E81D1D1BD0D800E51E24 /* SearchViewController.h */,
				4C29E81E1D1BD0D800E51E24 /* SearchViewController.m */,
			);
			name = Base;
			sourceTree = "<group>";
		};
		4C29E7F71D1B807300E51E24 /* saidou */ = {
			isa = PBXGroup;
			children = (
				4C29E8051D1B810C00E51E24 /* SaidouPage.h */,
				4C29E8061D1B810C00E51E24 /* SaidouPage.m */,
				4C29E8111D1B912F00E51E24 /* SaishiViewController.h */,
				4C29E8121D1B912F00E51E24 /* SaishiViewController.m */,
				4C29E8201D1BD3FC00E51E24 /* GuanfangController.h */,
				4C29E8211D1BD3FC00E51E24 /* GuanfangController.m */,
			);
			name = saidou;
			sourceTree = "<group>";
		};
		4C29E7F81D1B808100E51E24 /* saixin */ = {
			isa = PBXGroup;
			children = (
				4C29E8021D1B80F300E51E24 /* SaixinPage.h */,
				4C29E8031D1B80F300E51E24 /* SaixinPage.m */,
			);
			name = saixin;
			sourceTree = "<group>";
		};
		4C29E7F91D1B808700E51E24 /* saiquan */ = {
			isa = PBXGroup;
			children = (
				4C29E7FF1D1B80D700E51E24 /* SaiquanPage.h */,
				4C29E8001D1B80D700E51E24 /* SaiquanPage.m */,
			);
			name = saiquan;
			sourceTree = "<group>";
		};
		4C29E7FB1D1B809900E51E24 /* wode */ = {
			isa = PBXGroup;
			children = (
				4C29E7FC1D1B80C000E51E24 /* MineInfoPage.h */,
				4C29E7FD1D1B80C000E51E24 /* MineInfoPage.m */,
				4C29E8141D1BBDEB00E51E24 /* MyHeadCell.h */,
				4C29E8151D1BBDEB00E51E24 /* MyHeadCell.m */,
				4C29E8161D1BBDEB00E51E24 /* MyHeadCell.xib */,
			);
			name = wode;
			sourceTree = "<group>";
		};
		4C29E8081D1B87A100E51E24 /* Tools */ = {
			isa = PBXGroup;
			children = (
				4C29E8551D1BE9CF00E51E24 /* NetworkManagementRequset.h */,
				4C29E8561D1BE9CF00E51E24 /* NetworkManagementRequset.m */,
				4C29E8371D1BE92A00E51E24 /* UIKit+AFNetworking */,
				4C29E8231D1BE92300E51E24 /* AFNetworking */,
				4C29E80A1D1B87AC00E51E24 /* GoodsDetailTitle.h */,
				4C29E80C1D1B87BE00E51E24 /* GoodsDetailTitle.m */,
				4C29E81A1D1BCF6300E51E24 /* BaseWebviewController.h */,
				4C29E81B1D1BCF6300E51E24 /* BaseWebviewController.m */,
				4C29E80E1D1B8E0000E51E24 /* ViewPagerController.h */,
				4C29E80F1D1B8E0000E51E24 /* ViewPagerController.m */,
			);
			name = Tools;
			sourceTree = "<group>";
		};
		4C29E8231D1BE92300E51E24 /* AFNetworking */ = {
			isa = PBXGroup;
			children = (
				4C29E8241D1BE92300E51E24 /* AFHTTPSessionManager.h */,
				4C29E8251D1BE92300E51E24 /* AFHTTPSessionManager.m */,
				4C29E8261D1BE92300E51E24 /* AFNetworking.h */,
				4C29E8271D1BE92300E51E24 /* AFNetworkReachabilityManager.h */,
				4C29E8281D1BE92300E51E24 /* AFNetworkReachabilityManager.m */,
				4C29E8291D1BE92300E51E24 /* AFSecurityPolicy.h */,
				4C29E82A1D1BE92300E51E24 /* AFSecurityPolicy.m */,
				4C29E82B1D1BE92300E51E24 /* AFURLRequestSerialization.h */,
				4C29E82C1D1BE92300E51E24 /* AFURLRequestSerialization.m */,
				4C29E82D1D1BE92300E51E24 /* AFURLResponseSerialization.h */,
				4C29E82E1D1BE92300E51E24 /* AFURLResponseSerialization.m */,
				4C29E82F1D1BE92300E51E24 /* AFURLSessionManager.h */,
				4C29E8301D1BE92300E51E24 /* AFURLSessionManager.m */,
			);
			path = AFNetworking;
			sourceTree = "<group>";
		};
		4C29E8371D1BE92A00E51E24 /* UIKit+AFNetworking */ = {
			isa = PBXGroup;
			children = (
				4C29E8381D1BE92A00E51E24 /* AFAutoPurgingImageCache.h */,
				4C29E8391D1BE92A00E51E24 /* AFAutoPurgingImageCache.m */,
				4C29E83A1D1BE92A00E51E24 /* AFImageDownloader.h */,
				4C29E83B1D1BE92A00E51E24 /* AFImageDownloader.m */,
				4C29E83C1D1BE92A00E51E24 /* AFNetworkActivityIndicatorManager.h */,
				4C29E83D1D1BE92A00E51E24 /* AFNetworkActivityIndicatorManager.m */,
				4C29E83E1D1BE92A00E51E24 /* UIActivityIndicatorView+AFNetworking.h */,
				4C29E83F1D1BE92A00E51E24 /* UIActivityIndicatorView+AFNetworking.m */,
				4C29E8401D1BE92A00E51E24 /* UIButton+AFNetworking.h */,
				4C29E8411D1BE92A00E51E24 /* UIButton+AFNetworking.m */,
				4C29E8421D1BE92A00E51E24 /* UIImage+AFNetworking.h */,
				4C29E8431D1BE92A00E51E24 /* UIImageView+AFNetworking.h */,
				4C29E8441D1BE92A00E51E24 /* UIImageView+AFNetworking.m */,
				4C29E8451D1BE92A00E51E24 /* UIKit+AFNetworking.h */,
				4C29E8461D1BE92A00E51E24 /* UIProgressView+AFNetworking.h */,
				4C29E8471D1BE92A00E51E24 /* UIProgressView+AFNetworking.m */,
				4C29E8481D1BE92A00E51E24 /* UIRefreshControl+AFNetworking.h */,
				4C29E8491D1BE92A00E51E24 /* UIRefreshControl+AFNetworking.m */,
				4C29E84A1D1BE92A00E51E24 /* UIWebView+AFNetworking.h */,
				4C29E84B1D1BE92A00E51E24 /* UIWebView+AFNetworking.m */,
			);
			path = "UIKit+AFNetworking";
			sourceTree = "<group>";
		};
		4C29E8581D1BECF100E51E24 /* Login */ = {
			isa = PBXGroup;
			children = (
				4C29E8591D1BEEC000E51E24 /* LoginPage.h */,
				4C29E85A1D1BEEC000E51E24 /* LoginPage.m */,
				4C29E85B1D1BEEC000E51E24 /* LoginPage.xib */,
				4C29E85E1D1BF5E800E51E24 /* RegisterPage.h */,
				4C29E85F1D1BF5E800E51E24 /* RegisterPage.m */,
				4C29E8601D1BF5E800E51E24 /* RegisterPage.xib */,
				4C29E8631D1BF64400E51E24 /* RegisterPage2.h */,
				4C29E8641D1BF64400E51E24 /* RegisterPage2.m */,
				4C29E8651D1BF64400E51E24 /* RegisterPage2.xib */,
				4C29E8681D1BF66800E51E24 /* RegisterPage3.h */,
				4C29E8691D1BF66800E51E24 /* RegisterPage3.m */,
				4C29E86A1D1BF66800E51E24 /* RegisterPage3.xib */,
				5272D4871D1C3C2300E2B8D1 /* SMSSender.h */,
				5272D4881D1C3C2300E2B8D1 /* SMSSender.m */,
			);
			name = Login;
			sourceTree = "<group>";
		};
/* End PBXGroup section */

/* Begin PBXNativeTarget section */
		4C29E7B81D1B79DE00E51E24 /* Saiya */ = {
			isa = PBXNativeTarget;
			buildConfigurationList = 4C29E7E61D1B79DE00E51E24 /* Build configuration list for PBXNativeTarget "Saiya" */;
			buildPhases = (
				4C29E7B51D1B79DE00E51E24 /* Sources */,
				4C29E7B61D1B79DE00E51E24 /* Frameworks */,
				4C29E7B71D1B79DE00E51E24 /* Resources */,
			);
			buildRules = (
			);
			dependencies = (
			);
			name = Saiya;
			productName = Saiya;
			productReference = 4C29E7B91D1B79DE00E51E24 /* Saiya.app */;
			productType = "com.apple.product-type.application";
		};
		4C29E7D11D1B79DE00E51E24 /* SaiyaTests */ = {
			isa = PBXNativeTarget;
			buildConfigurationList = 4C29E7E91D1B79DE00E51E24 /* Build configuration list for PBXNativeTarget "SaiyaTests" */;
			buildPhases = (
				4C29E7CE1D1B79DE00E51E24 /* Sources */,
				4C29E7CF1D1B79DE00E51E24 /* Frameworks */,
				4C29E7D01D1B79DE00E51E24 /* Resources */,
			);
			buildRules = (
			);
			dependencies = (
				4C29E7D41D1B79DE00E51E24 /* PBXTargetDependency */,
			);
			name = SaiyaTests;
			productName = SaiyaTests;
			productReference = 4C29E7D21D1B79DE00E51E24 /* SaiyaTests.xctest */;
			productType = "com.apple.product-type.bundle.unit-test";
		};
		4C29E7DC1D1B79DE00E51E24 /* SaiyaUITests */ = {
			isa = PBXNativeTarget;
			buildConfigurationList = 4C29E7EC1D1B79DE00E51E24 /* Build configuration list for PBXNativeTarget "SaiyaUITests" */;
			buildPhases = (
				4C29E7D91D1B79DE00E51E24 /* Sources */,
				4C29E7DA1D1B79DE00E51E24 /* Frameworks */,
				4C29E7DB1D1B79DE00E51E24 /* Resources */,
			);
			buildRules = (
			);
			dependencies = (
				4C29E7DF1D1B79DE00E51E24 /* PBXTargetDependency */,
			);
			name = SaiyaUITests;
			productName = SaiyaUITests;
			productReference = 4C29E7DD1D1B79DE00E51E24 /* SaiyaUITests.xctest */;
			productType = "com.apple.product-type.bundle.ui-testing";
		};
/* End PBXNativeTarget section */

/* Begin PBXProject section */
		4C29E7B11D1B79DE00E51E24 /* Project object */ = {
			isa = PBXProject;
			attributes = {
				LastUpgradeCheck = 0720;
				ORGANIZATIONNAME = crv;
				TargetAttributes = {
					4C29E7B81D1B79DE00E51E24 = {
						CreatedOnToolsVersion = 7.2;
					};
					4C29E7D11D1B79DE00E51E24 = {
						CreatedOnToolsVersion = 7.2;
						TestTargetID = 4C29E7B81D1B79DE00E51E24;
					};
					4C29E7DC1D1B79DE00E51E24 = {
						CreatedOnToolsVersion = 7.2;
						TestTargetID = 4C29E7B81D1B79DE00E51E24;
					};
				};
			};
			buildConfigurationList = 4C29E7B41D1B79DE00E51E24 /* Build configuration list for PBXProject "Saiya" */;
			compatibilityVersion = "Xcode 3.2";
			developmentRegion = English;
			hasScannedForEncodings = 0;
			knownRegions = (
				en,
				Base,
			);
			mainGroup = 4C29E7B01D1B79DE00E51E24;
			productRefGroup = 4C29E7BA1D1B79DE00E51E24 /* Products */;
			projectDirPath = "";
			projectRoot = "";
			targets = (
				4C29E7B81D1B79DE00E51E24 /* Saiya */,
				4C29E7D11D1B79DE00E51E24 /* SaiyaTests */,
				4C29E7DC1D1B79DE00E51E24 /* SaiyaUITests */,
			);
		};
/* End PBXProject section */

/* Begin PBXResourcesBuildPhase section */
		4C29E7B71D1B79DE00E51E24 /* Resources */ = {
			isa = PBXResourcesBuildPhase;
			buildActionMask = 2147483647;
			files = (
				4C29E7CC1D1B79DE00E51E24 /* LaunchScreen.storyboard in Resources */,
				4C29E7C91D1B79DE00E51E24 /* Assets.xcassets in Resources */,
				4C29E85D1D1BEEC000E51E24 /* LoginPage.xib in Resources */,
				4C29E7C71D1B79DE00E51E24 /* Main.storyboard in Resources */,
				4C29E8671D1BF64400E51E24 /* RegisterPage2.xib in Resources */,
				4C29E8181D1BBDEB00E51E24 /* MyHeadCell.xib in Resources */,
				4C29E8621D1BF5E800E51E24 /* RegisterPage.xib in Resources */,
				4C29E86C1D1BF66800E51E24 /* RegisterPage3.xib in Resources */,
			);
			runOnlyForDeploymentPostprocessing = 0;
		};
		4C29E7D01D1B79DE00E51E24 /* Resources */ = {
			isa = PBXResourcesBuildPhase;
			buildActionMask = 2147483647;
			files = (
			);
			runOnlyForDeploymentPostprocessing = 0;
		};
		4C29E7DB1D1B79DE00E51E24 /* Resources */ = {
			isa = PBXResourcesBuildPhase;
			buildActionMask = 2147483647;
			files = (
			);
			runOnlyForDeploymentPostprocessing = 0;
		};
/* End PBXResourcesBuildPhase section */

/* Begin PBXSourcesBuildPhase section */
		4C29E7B51D1B79DE00E51E24 /* Sources */ = {
			isa = PBXSourcesBuildPhase;
			buildActionMask = 2147483647;
			files = (
				5272D4891D1C3C2300E2B8D1 /* SMSSender.m in Sources */,
				4C29E8041D1B80F300E51E24 /* SaixinPage.m in Sources */,
				4C29E8131D1B912F00E51E24 /* SaishiViewController.m in Sources */,
				4C29E8531D1BE92A00E51E24 /* UIRefreshControl+AFNetworking.m in Sources */,
				4C29E8501D1BE92A00E51E24 /* UIButton+AFNetworking.m in Sources */,
				4C29E8071D1B810C00E51E24 /* SaidouPage.m in Sources */,
				4C29E8611D1BF5E800E51E24 /* RegisterPage.m in Sources */,
				4C29E8571D1BE9CF00E51E24 /* NetworkManagementRequset.m in Sources */,
				4C29E8011D1B80D700E51E24 /* SaiquanPage.m in Sources */,
				4C29E7C41D1B79DE00E51E24 /* ViewController.m in Sources */,
				4C29E80D1D1B87BE00E51E24 /* GoodsDetailTitle.m in Sources */,
				4C29E7F31D1B7FAC00E51E24 /* BaseViewController.m in Sources */,
				4C29E84C1D1BE92A00E51E24 /* AFAutoPurgingImageCache.m in Sources */,
				4C29E8341D1BE92300E51E24 /* AFURLRequestSerialization.m in Sources */,
				4C29E81F1D1BD0D800E51E24 /* SearchViewController.m in Sources */,
				4C29E8521D1BE92A00E51E24 /* UIProgressView+AFNetworking.m in Sources */,
				4C29E8331D1BE92300E51E24 /* AFSecurityPolicy.m in Sources */,
				4C29E7C11D1B79DE00E51E24 /* AppDelegate.m in Sources */,
				4C29E84F1D1BE92A00E51E24 /* UIActivityIndicatorView+AFNetworking.m in Sources */,
				4C29E8171D1BBDEB00E51E24 /* MyHeadCell.m in Sources */,
				4C29E86B1D1BF66800E51E24 /* RegisterPage3.m in Sources */,
				4C29E85C1D1BEEC000E51E24 /* LoginPage.m in Sources */,
				4C29E8321D1BE92300E51E24 /* AFNetworkReachabilityManager.m in Sources */,
				4C29E8221D1BD3FC00E51E24 /* GuanfangController.m in Sources */,
				4C29E7BE1D1B79DE00E51E24 /* main.m in Sources */,
				4C29E8361D1BE92300E51E24 /* AFURLSessionManager.m in Sources */,
				4C29E8511D1BE92A00E51E24 /* UIImageView+AFNetworking.m in Sources */,
				4C29E8101D1B8E0000E51E24 /* ViewPagerController.m in Sources */,
				4C29E7F61D1B805400E51E24 /* BarItemViewController.m in Sources */,
				4C29E8661D1BF64400E51E24 /* RegisterPage2.m in Sources */,
				4C29E81C1D1BCF6300E51E24 /* BaseWebviewController.m in Sources */,
				4C29E8311D1BE92300E51E24 /* AFHTTPSessionManager.m in Sources */,
				4C29E8351D1BE92300E51E24 /* AFURLResponseSerialization.m in Sources */,
				4C29E7FE1D1B80C000E51E24 /* MineInfoPage.m in Sources */,
				4C29E8541D1BE92A00E51E24 /* UIWebView+AFNetworking.m in Sources */,
				4C29E84D1D1BE92A00E51E24 /* AFImageDownloader.m in Sources */,
				4C29E84E1D1BE92A00E51E24 /* AFNetworkActivityIndicatorManager.m in Sources */,
			);
			runOnlyForDeploymentPostprocessing = 0;
		};
		4C29E7CE1D1B79DE00E51E24 /* Sources */ = {
			isa = PBXSourcesBuildPhase;
			buildActionMask = 2147483647;
			files = (
				4C29E7D71D1B79DE00E51E24 /* SaiyaTests.m in Sources */,
			);
			runOnlyForDeploymentPostprocessing = 0;
		};
		4C29E7D91D1B79DE00E51E24 /* Sources */ = {
			isa = PBXSourcesBuildPhase;
			buildActionMask = 2147483647;
			files = (
				4C29E7E21D1B79DE00E51E24 /* SaiyaUITests.m in Sources */,
				4C29E8191D1BC41400E51E24 /* MineInfoPage.m in Sources */,
			);
			runOnlyForDeploymentPostprocessing = 0;
		};
/* End PBXSourcesBuildPhase section */

/* Begin PBXTargetDependency section */
		4C29E7D41D1B79DE00E51E24 /* PBXTargetDependency */ = {
			isa = PBXTargetDependency;
			target = 4C29E7B81D1B79DE00E51E24 /* Saiya */;
			targetProxy = 4C29E7D31D1B79DE00E51E24 /* PBXContainerItemProxy */;
		};
		4C29E7DF1D1B79DE00E51E24 /* PBXTargetDependency */ = {
			isa = PBXTargetDependency;
			target = 4C29E7B81D1B79DE00E51E24 /* Saiya */;
			targetProxy = 4C29E7DE1D1B79DE00E51E24 /* PBXContainerItemProxy */;
		};
/* End PBXTargetDependency section */

/* Begin PBXVariantGroup section */
		4C29E7C51D1B79DE00E51E24 /* Main.storyboard */ = {
			isa = PBXVariantGroup;
			children = (
				4C29E7C61D1B79DE00E51E24 /* Base */,
			);
			name = Main.storyboard;
			sourceTree = "<group>";
		};
		4C29E7CA1D1B79DE00E51E24 /* LaunchScreen.storyboard */ = {
			isa = PBXVariantGroup;
			children = (
				4C29E7CB1D1B79DE00E51E24 /* Base */,
			);
			name = LaunchScreen.storyboard;
			sourceTree = "<group>";
		};
/* End PBXVariantGroup section */

/* Begin XCBuildConfiguration section */
		4C29E7E41D1B79DE00E51E24 /* Debug */ = {
			isa = XCBuildConfiguration;
			buildSettings = {
				ALWAYS_SEARCH_USER_PATHS = NO;
				CLANG_CXX_LANGUAGE_STANDARD = "gnu++0x";
				CLANG_CXX_LIBRARY = "libc++";
				CLANG_ENABLE_MODULES = YES;
				CLANG_ENABLE_OBJC_ARC = YES;
				CLANG_WARN_BOOL_CONVERSION = YES;
				CLANG_WARN_CONSTANT_CONVERSION = YES;
				CLANG_WARN_DIRECT_OBJC_ISA_USAGE = YES_ERROR;
				CLANG_WARN_EMPTY_BODY = YES;
				CLANG_WARN_ENUM_CONVERSION = YES;
				CLANG_WARN_INT_CONVERSION = YES;
				CLANG_WARN_OBJC_ROOT_CLASS = YES_ERROR;
				CLANG_WARN_UNREACHABLE_CODE = YES;
				CLANG_WARN__DUPLICATE_METHOD_MATCH = YES;
				"CODE_SIGN_IDENTITY[sdk=iphoneos*]" = "iPhone Developer";
				COPY_PHASE_STRIP = NO;
				DEBUG_INFORMATION_FORMAT = dwarf;
				ENABLE_STRICT_OBJC_MSGSEND = YES;
				ENABLE_TESTABILITY = YES;
				GCC_C_LANGUAGE_STANDARD = gnu99;
				GCC_DYNAMIC_NO_PIC = NO;
				GCC_NO_COMMON_BLOCKS = YES;
				GCC_OPTIMIZATION_LEVEL = 0;
				GCC_PREPROCESSOR_DEFINITIONS = (
					"DEBUG=1",
					"$(inherited)",
				);
				GCC_WARN_64_TO_32_BIT_CONVERSION = YES;
				GCC_WARN_ABOUT_RETURN_TYPE = YES_ERROR;
				GCC_WARN_UNDECLARED_SELECTOR = YES;
				GCC_WARN_UNINITIALIZED_AUTOS = YES_AGGRESSIVE;
				GCC_WARN_UNUSED_FUNCTION = YES;
				GCC_WARN_UNUSED_VARIABLE = YES;
				IPHONEOS_DEPLOYMENT_TARGET = 9.2;
				MTL_ENABLE_DEBUG_INFO = YES;
				ONLY_ACTIVE_ARCH = YES;
				SDKROOT = iphoneos;
				TARGETED_DEVICE_FAMILY = "1,2";
			};
			name = Debug;
		};
		4C29E7E51D1B79DE00E51E24 /* Release */ = {
			isa = XCBuildConfiguration;
			buildSettings = {
				ALWAYS_SEARCH_USER_PATHS = NO;
				CLANG_CXX_LANGUAGE_STANDARD = "gnu++0x";
				CLANG_CXX_LIBRARY = "libc++";
				CLANG_ENABLE_MODULES = YES;
				CLANG_ENABLE_OBJC_ARC = YES;
				CLANG_WARN_BOOL_CONVERSION = YES;
				CLANG_WARN_CONSTANT_CONVERSION = YES;
				CLANG_WARN_DIRECT_OBJC_ISA_USAGE = YES_ERROR;
				CLANG_WARN_EMPTY_BODY = YES;
				CLANG_WARN_ENUM_CONVERSION = YES;
				CLANG_WARN_INT_CONVERSION = YES;
				CLANG_WARN_OBJC_ROOT_CLASS = YES_ERROR;
				CLANG_WARN_UNREACHABLE_CODE = YES;
				CLANG_WARN__DUPLICATE_METHOD_MATCH = YES;
				"CODE_SIGN_IDENTITY[sdk=iphoneos*]" = "iPhone Developer";
				COPY_PHASE_STRIP = NO;
				DEBUG_INFORMATION_FORMAT = "dwarf-with-dsym";
				ENABLE_NS_ASSERTIONS = NO;
				ENABLE_STRICT_OBJC_MSGSEND = YES;
				GCC_C_LANGUAGE_STANDARD = gnu99;
				GCC_NO_COMMON_BLOCKS = YES;
				GCC_WARN_64_TO_32_BIT_CONVERSION = YES;
				GCC_WARN_ABOUT_RETURN_TYPE = YES_ERROR;
				GCC_WARN_UNDECLARED_SELECTOR = YES;
				GCC_WARN_UNINITIALIZED_AUTOS = YES_AGGRESSIVE;
				GCC_WARN_UNUSED_FUNCTION = YES;
				GCC_WARN_UNUSED_VARIABLE = YES;
				IPHONEOS_DEPLOYMENT_TARGET = 9.2;
				MTL_ENABLE_DEBUG_INFO = NO;
				SDKROOT = iphoneos;
				TARGETED_DEVICE_FAMILY = "1,2";
				VALIDATE_PRODUCT = YES;
			};
			name = Release;
		};
		4C29E7E71D1B79DE00E51E24 /* Debug */ = {
			isa = XCBuildConfiguration;
			buildSettings = {
				ASSETCATALOG_COMPILER_APPICON_NAME = AppIcon;
				GCC_PRECOMPILE_PREFIX_HEADER = YES;
				GCC_PREFIX_HEADER = "$(SRCROOT)/Saiya/PrefixHeader.pch";
				INFOPLIST_FILE = Saiya/Info.plist;
				LD_RUNPATH_SEARCH_PATHS = "$(inherited) @executable_path/Frameworks";
				PRODUCT_BUNDLE_IDENTIFIER = com.saiya.www;
				PRODUCT_NAME = "$(TARGET_NAME)";
				PROVISIONING_PROFILE = "9c6a9005-a80f-4e17-9f3a-1f1a1b08cb44";
			};
			name = Debug;
		};
		4C29E7E81D1B79DE00E51E24 /* Release */ = {
			isa = XCBuildConfiguration;
			buildSettings = {
				ASSETCATALOG_COMPILER_APPICON_NAME = AppIcon;
				"CODE_SIGN_IDENTITY[sdk=iphoneos*]" = "iPhone Distribution: Shenzhen All-See-Own Digital Technology Co.,Ltd";
				GCC_PRECOMPILE_PREFIX_HEADER = YES;
				GCC_PREFIX_HEADER = "$(SRCROOT)/Saiya/PrefixHeader.pch";
				INFOPLIST_FILE = Saiya/Info.plist;
				LD_RUNPATH_SEARCH_PATHS = "$(inherited) @executable_path/Frameworks";
				PRODUCT_BUNDLE_IDENTIFIER = com.saiya.www;
				PRODUCT_NAME = "$(TARGET_NAME)";
				PROVISIONING_PROFILE = "9c6a9005-a80f-4e17-9f3a-1f1a1b08cb44";
			};
			name = Release;
		};
		4C29E7EA1D1B79DE00E51E24 /* Debug */ = {
			isa = XCBuildConfiguration;
			buildSettings = {
				BUNDLE_LOADER = "$(TEST_HOST)";
				INFOPLIST_FILE = SaiyaTests/Info.plist;
				LD_RUNPATH_SEARCH_PATHS = "$(inherited) @executable_path/Frameworks @loader_path/Frameworks";
				PRODUCT_BUNDLE_IDENTIFIER = main.SaiyaTests;
				PRODUCT_NAME = "$(TARGET_NAME)";
				TEST_HOST = "$(BUILT_PRODUCTS_DIR)/Saiya.app/Saiya";
			};
			name = Debug;
		};
		4C29E7EB1D1B79DE00E51E24 /* Release */ = {
			isa = XCBuildConfiguration;
			buildSettings = {
				BUNDLE_LOADER = "$(TEST_HOST)";
				INFOPLIST_FILE = SaiyaTests/Info.plist;
				LD_RUNPATH_SEARCH_PATHS = "$(inherited) @executable_path/Frameworks @loader_path/Frameworks";
				PRODUCT_BUNDLE_IDENTIFIER = main.SaiyaTests;
				PRODUCT_NAME = "$(TARGET_NAME)";
				TEST_HOST = "$(BUILT_PRODUCTS_DIR)/Saiya.app/Saiya";
			};
			name = Release;
		};
		4C29E7ED1D1B79DE00E51E24 /* Debug */ = {
			isa = XCBuildConfiguration;
			buildSettings = {
				INFOPLIST_FILE = SaiyaUITests/Info.plist;
				LD_RUNPATH_SEARCH_PATHS = "$(inherited) @executable_path/Frameworks @loader_path/Frameworks";
				PRODUCT_BUNDLE_IDENTIFIER = main.SaiyaUITests;
				PRODUCT_NAME = "$(TARGET_NAME)";
				TEST_TARGET_NAME = Saiya;
				USES_XCTRUNNER = YES;
			};
			name = Debug;
		};
		4C29E7EE1D1B79DE00E51E24 /* Release */ = {
			isa = XCBuildConfiguration;
			buildSettings = {
				INFOPLIST_FILE = SaiyaUITests/Info.plist;
				LD_RUNPATH_SEARCH_PATHS = "$(inherited) @executable_path/Frameworks @loader_path/Frameworks";
				PRODUCT_BUNDLE_IDENTIFIER = main.SaiyaUITests;
				PRODUCT_NAME = "$(TARGET_NAME)";
				TEST_TARGET_NAME = Saiya;
				USES_XCTRUNNER = YES;
			};
			name = Release;
		};
/* End XCBuildConfiguration section */

/* Begin XCConfigurationList section */
		4C29E7B41D1B79DE00E51E24 /* Build configuration list for PBXProject "Saiya" */ = {
			isa = XCConfigurationList;
			buildConfigurations = (
				4C29E7E41D1B79DE00E51E24 /* Debug */,
				4C29E7E51D1B79DE00E51E24 /* Release */,
			);
			defaultConfigurationIsVisible = 0;
			defaultConfigurationName = Release;
		};
		4C29E7E61D1B79DE00E51E24 /* Build configuration list for PBXNativeTarget "Saiya" */ = {
			isa = XCConfigurationList;
			buildConfigurations = (
				4C29E7E71D1B79DE00E51E24 /* Debug */,
				4C29E7E81D1B79DE00E51E24 /* Release */,
			);
			defaultConfigurationIsVisible = 0;
			defaultConfigurationName = Release;
		};
		4C29E7E91D1B79DE00E51E24 /* Build configuration list for PBXNativeTarget "SaiyaTests" */ = {
			isa = XCConfigurationList;
			buildConfigurations = (
				4C29E7EA1D1B79DE00E51E24 /* Debug */,
				4C29E7EB1D1B79DE00E51E24 /* Release */,
			);
			defaultConfigurationIsVisible = 0;
			defaultConfigurationName = Release;
		};
		4C29E7EC1D1B79DE00E51E24 /* Build configuration list for PBXNativeTarget "SaiyaUITests" */ = {
			isa = XCConfigurationList;
			buildConfigurations = (
				4C29E7ED1D1B79DE00E51E24 /* Debug */,
				4C29E7EE1D1B79DE00E51E24 /* Release */,
			);
			defaultConfigurationIsVisible = 0;
			defaultConfigurationName = Release;
		};
/* End XCConfigurationList section */
	};
	rootObject = 4C29E7B11D1B79DE00E51E24 /* Project object */;
}
